
Microsoft Visual Studio Solution File, Format Version 12.00
# Visual Studio Version 17
VisualStudioVersion = 17.7.34031.279
MinimumVisualStudioVersion = 10.0.40219.1
Project("{FAE04EC0-301F-11D3-BF4B-00C04F79EFBC}") = "TETRIS", "TETRIS\TETRIS.csproj", "{B3F06982-53AD-4128-85D8-A8037943B648}"
EndProject
Global
	GlobalSection(SolutionConfigurationPlatforms) = preSolution
		Debug|Any CPU = Debug|Any CPU
		Release|Any CPU = Release|Any CPU
	EndGlobalSection
	GlobalSection(ProjectConfigurationPlatforms) = postSolution
		{B3F06982-53AD-4128-85D8-A8037943B648}.Debug|Any CPU.ActiveCfg = Debug|Any CPU
		{B3F06982-53AD-4128-85D8-A8037943B648}.Debug|Any CPU.Build.0 = Debug|Any CPU
		{B3F06982-53AD-4128-85D8-A8037943B648}.Release|Any CPU.ActiveCfg = Release|Any CPU
		{B3F06982-53AD-4128-85D8-A8037943B648}.Release|Any CPU.Build.0 = Release|Any CPU
	EndGlobalSection
	GlobalSection(SolutionProperties) = preSolution
		HideSolutionNode = FALSE
	EndGlobalSection
	GlobalSection(ExtensibilityGlobals) = postSolution
		SolutionGuid = {EA7F5A13-6D4D-4EE0-9C1C-1980A5863090}
	EndGlobalSection
EndGlobal
